
Microsoft Visual Studio Solution File, Format Version 12.00
# Visual Studio 15
VisualStudioVersion = 15.0.27428.2037
MinimumVisualStudioVersion = 10.0.40219.1
Project("{FAE04EC0-301F-11D3-BF4B-00C04F79EFBC}") = "iot-tul-dashboard", "iot-tul-dashboard\iot-tul-dashboard.csproj", "{CD3CA543-9E00-4CA9-8448-898C21B1DE3D}"
EndProject
Project("{FAE04EC0-301F-11D3-BF4B-00C04F79EFBC}") = "IotShared", "IotShared\IotShared.csproj", "{26F6C9CB-6445-4F4D-81DD-58B890BD5025}"
EndProject
Global
	GlobalSection(SolutionConfigurationPlatforms) = preSolution
		Debug|Any CPU = Debug|Any CPU
		Release|Any CPU = Release|Any CPU
	EndGlobalSection
	GlobalSection(ProjectConfigurationPlatforms) = postSolution
		{CD3CA543-9E00-4CA9-8448-898C21B1DE3D}.Debug|Any CPU.ActiveCfg = Debug|Any CPU
		{CD3CA543-9E00-4CA9-8448-898C21B1DE3D}.Debug|Any CPU.Build.0 = Debug|Any CPU
		{CD3CA543-9E00-4CA9-8448-898C21B1DE3D}.Release|Any CPU.ActiveCfg = Release|Any CPU
		{CD3CA543-9E00-4CA9-8448-898C21B1DE3D}.Release|Any CPU.Build.0 = Release|Any CPU
		{26F6C9CB-6445-4F4D-81DD-58B890BD5025}.Debug|Any CPU.ActiveCfg = Debug|Any CPU
		{26F6C9CB-6445-4F4D-81DD-58B890BD5025}.Debug|Any CPU.Build.0 = Debug|Any CPU
		{26F6C9CB-6445-4F4D-81DD-58B890BD5025}.Release|Any CPU.ActiveCfg = Release|Any CPU
		{26F6C9CB-6445-4F4D-81DD-58B890BD5025}.Release|Any CPU.Build.0 = Release|Any CPU
	EndGlobalSection
	GlobalSection(SolutionProperties) = preSolution
		HideSolutionNode = FALSE
	EndGlobalSection
	GlobalSection(ExtensibilityGlobals) = postSolution
		SolutionGuid = {A3CD6EB8-62CF-420D-B341-B5956419B8D9}
	EndGlobalSection
EndGlobal
